// !$*UTF8*$!
{
	archiveVersion = 1;
	classes = {
	};
	objectVersion = 55;
	objects = {

/* Begin PBXBuildFile section */
		9C81416C2927C61800B20275 /* AppDelegate.swift in Sources */ = {isa = PBXBuildFile; fileRef = 9C81416B2927C61800B20275 /* AppDelegate.swift */; };
		9C81416E2927C61800B20275 /* DocumentBrowserViewController.swift in Sources */ = {isa = PBXBuildFile; fileRef = 9C81416D2927C61800B20275 /* DocumentBrowserViewController.swift */; };
		9C8141702927C61800B20275 /* DocumentViewController.swift in Sources */ = {isa = PBXBuildFile; fileRef = 9C81416F2927C61800B20275 /* DocumentViewController.swift */; };
		9C8141722927C61800B20275 /* Document.swift in Sources */ = {isa = PBXBuildFile; fileRef = 9C8141712927C61800B20275 /* Document.swift */; };
		9C8141752927C61800B20275 /* Main.storyboard in Resources */ = {isa = PBXBuildFile; fileRef = 9C8141732927C61800B20275 /* Main.storyboard */; };
		9C8141772927C61900B20275 /* Assets.xcassets in Resources */ = {isa = PBXBuildFile; fileRef = 9C8141762927C61900B20275 /* Assets.xcassets */; };
		9C81417A2927C61900B20275 /* LaunchScreen.storyboard in Resources */ = {isa = PBXBuildFile; fileRef = 9C8141782927C61900B20275 /* LaunchScreen.storyboard */; };
/* End PBXBuildFile section */

/* Begin PBXFileReference section */
		9C8141682927C61800B20275 /* GrokkingAlgoritms.app */ = {isa = PBXFileReference; explicitFileType = wrapper.application; includeInIndex = 0; path = GrokkingAlgoritms.app; sourceTree = BUILT_PRODUCTS_DIR; };
		9C81416B2927C61800B20275 /* AppDelegate.swift */ = {isa = PBXFileReference; lastKnownFileType = sourcecode.swift; path = AppDelegate.swift; sourceTree = "<group>"; };
		9C81416D2927C61800B20275 /* DocumentBrowserViewController.swift */ = {isa = PBXFileReference; lastKnownFileType = sourcecode.swift; path = DocumentBrowserViewController.swift; sourceTree = "<group>"; };
		9C81416F2927C61800B20275 /* DocumentViewController.swift */ = {isa = PBXFileReference; lastKnownFileType = sourcecode.swift; path = DocumentViewController.swift; sourceTree = "<group>"; };
		9C8141712927C61800B20275 /* Document.swift */ = {isa = PBXFileReference; lastKnownFileType = sourcecode.swift; path = Document.swift; sourceTree = "<group>"; };
		9C8141742927C61800B20275 /* Base */ = {isa = PBXFileReference; lastKnownFileType = file.storyboard; name = Base; path = Base.lproj/Main.storyboard; sourceTree = "<group>"; };
		9C8141762927C61900B20275 /* Assets.xcassets */ = {isa = PBXFileReference; lastKnownFileType = folder.assetcatalog; path = Assets.xcassets; sourceTree = "<group>"; };
		9C8141792927C61900B20275 /* Base */ = {isa = PBXFileReference; lastKnownFileType = file.storyboard; name = Base; path = Base.lproj/LaunchScreen.storyboard; sourceTree = "<group>"; };
		9C81417B2927C61900B20275 /* Info.plist */ = {isa = PBXFileReference; lastKnownFileType = text.plist.xml; path = Info.plist; sourceTree = "<group>"; };
		9C8141812927C63700B20275 /* Big-O.playground */ = {isa = PBXFileReference; lastKnownFileType = file.playground; path = "Big-O.playground"; sourceTree = "<group>"; xcLanguageSpecificationIdentifier = xcode.lang.swift; };
		9C8141822927C65100B20275 /* BinarySearch.playground */ = {isa = PBXFileReference; lastKnownFileType = file.playground; path = BinarySearch.playground; sourceTree = "<group>"; xcLanguageSpecificationIdentifier = xcode.lang.swift; };
		9C8141832927C76F00B20275 /* SelectionSort.playground */ = {isa = PBXFileReference; lastKnownFileType = file.playground; path = SelectionSort.playground; sourceTree = "<group>"; xcLanguageSpecificationIdentifier = xcode.lang.swift; };
		9C814185292815E800B20275 /* Recursion.playground */ = {isa = PBXFileReference; lastKnownFileType = file.playground; path = Recursion.playground; sourceTree = "<group>"; xcLanguageSpecificationIdentifier = xcode.lang.swift; };
		9C81418629281F8B00B20275 /* QuickSort.playground */ = {isa = PBXFileReference; lastKnownFileType = file.playground; path = QuickSort.playground; sourceTree = "<group>"; xcLanguageSpecificationIdentifier = xcode.lang.swift; };
		9C8AAA45292A5DEA00536CE4 /* Graphs.playground */ = {isa = PBXFileReference; lastKnownFileType = file.playground; path = Graphs.playground; sourceTree = "<group>"; xcLanguageSpecificationIdentifier = xcode.lang.swift; };
		9C8AAA46292A61E600536CE4 /* HashTables.playground */ = {isa = PBXFileReference; lastKnownFileType = file.playground; path = HashTables.playground; sourceTree = "<group>"; xcLanguageSpecificationIdentifier = xcode.lang.swift; };
/* End PBXFileReference section */

/* Begin PBXFrameworksBuildPhase section */
		9C8141652927C61800B20275 /* Frameworks */ = {
			isa = PBXFrameworksBuildPhase;
			buildActionMask = 2147483647;
			files = (
			);
			runOnlyForDeploymentPostprocessing = 0;
		};
/* End PBXFrameworksBuildPhase section */

/* Begin PBXGroup section */
		9C81415F2927C61800B20275 = {
			isa = PBXGroup;
			children = (
				9C8AAA46292A61E600536CE4 /* HashTables.playground */,
				9C8AAA45292A5DEA00536CE4 /* Graphs.playground */,
				9C81418629281F8B00B20275 /* QuickSort.playground */,
				9C814185292815E800B20275 /* Recursion.playground */,
				9C8141812927C63700B20275 /* Big-O.playground */,
				9C8141822927C65100B20275 /* BinarySearch.playground */,
				9C8141832927C76F00B20275 /* SelectionSort.playground */,
				9C81416A2927C61800B20275 /* GrokkingAlgoritms */,
				9C8141692927C61800B20275 /* Products */,
			);
			sourceTree = "<group>";
		};
		9C8141692927C61800B20275 /* Products */ = {
			isa = PBXGroup;
			children = (
				9C8141682927C61800B20275 /* GrokkingAlgoritms.app */,
			);
			name = Products;
			sourceTree = "<group>";
		};
		9C81416A2927C61800B20275 /* GrokkingAlgoritms */ = {
			isa = PBXGroup;
			children = (
				9C81416B2927C61800B20275 /* AppDelegate.swift */,
				9C81416D2927C61800B20275 /* DocumentBrowserViewController.swift */,
				9C81416F2927C61800B20275 /* DocumentViewController.swift */,
				9C8141712927C61800B20275 /* Document.swift */,
				9C8141732927C61800B20275 /* Main.storyboard */,
				9C8141762927C61900B20275 /* Assets.xcassets */,
				9C8141782927C61900B20275 /* LaunchScreen.storyboard */,
				9C81417B2927C61900B20275 /* Info.plist */,
			);
			path = GrokkingAlgoritms;
			sourceTree = "<group>";
		};
/* End PBXGroup section */

/* Begin PBXNativeTarget section */
		9C8141672927C61800B20275 /* GrokkingAlgoritms */ = {
			isa = PBXNativeTarget;
			buildConfigurationList = 9C81417E2927C61900B20275 /* Build configuration list for PBXNativeTarget "GrokkingAlgoritms" */;
			buildPhases = (
				9C8141642927C61800B20275 /* Sources */,
				9C8141652927C61800B20275 /* Frameworks */,
				9C8141662927C61800B20275 /* Resources */,
			);
			buildRules = (
			);
			dependencies = (
			);
			name = GrokkingAlgoritms;
			productName = GrokkingAlgoritms;
			productReference = 9C8141682927C61800B20275 /* GrokkingAlgoritms.app */;
			productType = "com.apple.product-type.application";
		};
/* End PBXNativeTarget section */

/* Begin PBXProject section */
		9C8141602927C61800B20275 /* Project object */ = {
			isa = PBXProject;
			attributes = {
				BuildIndependentTargetsInParallel = 1;
				LastSwiftUpdateCheck = 1340;
				LastUpgradeCheck = 1340;
				TargetAttributes = {
					9C8141672927C61800B20275 = {
						CreatedOnToolsVersion = 13.4.1;
					};
				};
			};
			buildConfigurationList = 9C8141632927C61800B20275 /* Build configuration list for PBXProject "GrokkingAlgoritms" */;
			compatibilityVersion = "Xcode 13.0";
			developmentRegion = en;
			hasScannedForEncodings = 0;
			knownRegions = (
				en,
				Base,
			);
			mainGroup = 9C81415F2927C61800B20275;
			productRefGroup = 9C8141692927C61800B20275 /* Products */;
			projectDirPath = "";
			projectRoot = "";
			targets = (
				9C8141672927C61800B20275 /* GrokkingAlgoritms */,
			);
		};
/* End PBXProject section */

/* Begin PBXResourcesBuildPhase section */
		9C8141662927C61800B20275 /* Resources */ = {
			isa = PBXResourcesBuildPhase;
			buildActionMask = 2147483647;
			files = (
				9C81417A2927C61900B20275 /* LaunchScreen.storyboard in Resources */,
				9C8141772927C61900B20275 /* Assets.xcassets in Resources */,
				9C8141752927C61800B20275 /* Main.storyboard in Resources */,
			);
			runOnlyForDeploymentPostprocessing = 0;
		};
/* End PBXResourcesBuildPhase section */

/* Begin PBXSourcesBuildPhase section */
		9C8141642927C61800B20275 /* Sources */ = {
			isa = PBXSourcesBuildPhase;
			buildActionMask = 2147483647;
			files = (
				9C8141722927C61800B20275 /* Document.swift in Sources */,
				9C8141702927C61800B20275 /* DocumentViewController.swift in Sources */,
				9C81416E2927C61800B20275 /* DocumentBrowserViewController.swift in Sources */,
				9C81416C2927C61800B20275 /* AppDelegate.swift in Sources */,
			);
			runOnlyForDeploymentPostprocessing = 0;
		};
/* End PBXSourcesBuildPhase section */

/* Begin PBXVariantGroup section */
		9C8141732927C61800B20275 /* Main.storyboard */ = {
			isa = PBXVariantGroup;
			children = (
				9C8141742927C61800B20275 /* Base */,
			);
			name = Main.storyboard;
			sourceTree = "<group>";
		};
		9C8141782927C61900B20275 /* LaunchScreen.storyboard */ = {
			isa = PBXVariantGroup;
			children = (
				9C8141792927C61900B20275 /* Base */,
			);
			name = LaunchScreen.storyboard;
			sourceTree = "<group>";
		};
/* End PBXVariantGroup section */

/* Begin XCBuildConfiguration section */
		9C81417C2927C61900B20275 /* Debug */ = {
			isa = XCBuildConfiguration;
			buildSettings = {
				ALWAYS_SEARCH_USER_PATHS = NO;
				CLANG_ANALYZER_NONNULL = YES;
				CLANG_ANALYZER_NUMBER_OBJECT_CONVERSION = YES_AGGRESSIVE;
				CLANG_CXX_LANGUAGE_STANDARD = "gnu++17";
				CLANG_ENABLE_MODULES = YES;
				CLANG_ENABLE_OBJC_ARC = YES;
				CLANG_ENABLE_OBJC_WEAK = YES;
				CLANG_WARN_BLOCK_CAPTURE_AUTORELEASING = YES;
				CLANG_WARN_BOOL_CONVERSION = YES;
				CLANG_WARN_COMMA = YES;
				CLANG_WARN_CONSTANT_CONVERSION = YES;
				CLANG_WARN_DEPRECATED_OBJC_IMPLEMENTATIONS = YES;
				CLANG_WARN_DIRECT_OBJC_ISA_USAGE = YES_ERROR;
				CLANG_WARN_DOCUMENTATION_COMMENTS = YES;
				CLANG_WARN_EMPTY_BODY = YES;
				CLANG_WARN_ENUM_CONVERSION = YES;
				CLANG_WARN_INFINITE_RECURSION = YES;
				CLANG_WARN_INT_CONVERSION = YES;
				CLANG_WARN_NON_LITERAL_NULL_CONVERSION = YES;
				CLANG_WARN_OBJC_IMPLICIT_RETAIN_SELF = YES;
				CLANG_WARN_OBJC_LITERAL_CONVERSION = YES;
				CLANG_WARN_OBJC_ROOT_CLASS = YES_ERROR;
				CLANG_WARN_QUOTED_INCLUDE_IN_FRAMEWORK_HEADER = YES;
				CLANG_WARN_RANGE_LOOP_ANALYSIS = YES;
				CLANG_WARN_STRICT_PROTOTYPES = YES;
				CLANG_WARN_SUSPICIOUS_MOVE = YES;
				CLANG_WARN_UNGUARDED_AVAILABILITY = YES_AGGRESSIVE;
				CLANG_WARN_UNREACHABLE_CODE = YES;
				CLANG_WARN__DUPLICATE_METHOD_MATCH = YES;
				COPY_PHASE_STRIP = NO;
				DEBUG_INFORMATION_FORMAT = dwarf;
				ENABLE_STRICT_OBJC_MSGSEND = YES;
				ENABLE_TESTABILITY = YES;
				GCC_C_LANGUAGE_STANDARD = gnu11;
				GCC_DYNAMIC_NO_PIC = NO;
				GCC_NO_COMMON_BLOCKS = YES;
				GCC_OPTIMIZATION_LEVEL = 0;
				GCC_PREPROCESSOR_DEFINITIONS = (
					"DEBUG=1",
					"$(inherited)",
				);
				GCC_WARN_64_TO_32_BIT_CONVERSION = YES;
				GCC_WARN_ABOUT_RETURN_TYPE = YES_ERROR;
				GCC_WARN_UNDECLARED_SELECTOR = YES;
				GCC_WARN_UNINITIALIZED_AUTOS = YES_AGGRESSIVE;
				GCC_WARN_UNUSED_FUNCTION = YES;
				GCC_WARN_UNUSED_VARIABLE = YES;
				IPHONEOS_DEPLOYMENT_TARGET = 15.5;
				MTL_ENABLE_DEBUG_INFO = INCLUDE_SOURCE;
				MTL_FAST_MATH = YES;
				ONLY_ACTIVE_ARCH = YES;
				SDKROOT = iphoneos;
				SWIFT_ACTIVE_COMPILATION_CONDITIONS = DEBUG;
				SWIFT_OPTIMIZATION_LEVEL = "-Onone";
			};
			name = Debug;
		};
		9C81417D2927C61900B20275 /* Release */ = {
			isa = XCBuildConfiguration;
			buildSettings = {
				ALWAYS_SEARCH_USER_PATHS = NO;
				CLANG_ANALYZER_NONNULL = YES;
				CLANG_ANALYZER_NUMBER_OBJECT_CONVERSION = YES_AGGRESSIVE;
				CLANG_CXX_LANGUAGE_STANDARD = "gnu++17";
				CLANG_ENABLE_MODULES = YES;
				CLANG_ENABLE_OBJC_ARC = YES;
				CLANG_ENABLE_OBJC_WEAK = YES;
				CLANG_WARN_BLOCK_CAPTURE_AUTORELEASING = YES;
				CLANG_WARN_BOOL_CONVERSION = YES;
				CLANG_WARN_COMMA = YES;
				CLANG_WARN_CONSTANT_CONVERSION = YES;
				CLANG_WARN_DEPRECATED_OBJC_IMPLEMENTATIONS = YES;
				CLANG_WARN_DIRECT_OBJC_ISA_USAGE = YES_ERROR;
				CLANG_WARN_DOCUMENTATION_COMMENTS = YES;
				CLANG_WARN_EMPTY_BODY = YES;
				CLANG_WARN_ENUM_CONVERSION = YES;
				CLANG_WARN_INFINITE_RECURSION = YES;
				CLANG_WARN_INT_CONVERSION = YES;
				CLANG_WARN_NON_LITERAL_NULL_CONVERSION = YES;
				CLANG_WARN_OBJC_IMPLICIT_RETAIN_SELF = YES;
				CLANG_WARN_OBJC_LITERAL_CONVERSION = YES;
				CLANG_WARN_OBJC_ROOT_CLASS = YES_ERROR;
				CLANG_WARN_QUOTED_INCLUDE_IN_FRAMEWORK_HEADER = YES;
				CLANG_WARN_RANGE_LOOP_ANALYSIS = YES;
				CLANG_WARN_STRICT_PROTOTYPES = YES;
				CLANG_WARN_SUSPICIOUS_MOVE = YES;
				CLANG_WARN_UNGUARDED_AVAILABILITY = YES_AGGRESSIVE;
				CLANG_WARN_UNREACHABLE_CODE = YES;
				CLANG_WARN__DUPLICATE_METHOD_MATCH = YES;
				COPY_PHASE_STRIP = NO;
				DEBUG_INFORMATION_FORMAT = "dwarf-with-dsym";
				ENABLE_NS_ASSERTIONS = NO;
				ENABLE_STRICT_OBJC_MSGSEND = YES;
				GCC_C_LANGUAGE_STANDARD = gnu11;
				GCC_NO_COMMON_BLOCKS = YES;
				GCC_WARN_64_TO_32_BIT_CONVERSION = YES;
				GCC_WARN_ABOUT_RETURN_TYPE = YES_ERROR;
				GCC_WARN_UNDECLARED_SELECTOR = YES;
				GCC_WARN_UNINITIALIZED_AUTOS = YES_AGGRESSIVE;
				GCC_WARN_UNUSED_FUNCTION = YES;
				GCC_WARN_UNUSED_VARIABLE = YES;
				IPHONEOS_DEPLOYMENT_TARGET = 15.5;
				MTL_ENABLE_DEBUG_INFO = NO;
				MTL_FAST_MATH = YES;
				SDKROOT = iphoneos;
				SWIFT_COMPILATION_MODE = wholemodule;
				SWIFT_OPTIMIZATION_LEVEL = "-O";
				VALIDATE_PRODUCT = YES;
			};
			name = Release;
		};
		9C81417F2927C61900B20275 /* Debug */ = {
			isa = XCBuildConfiguration;
			buildSettings = {
				ASSETCATALOG_COMPILER_APPICON_NAME = AppIcon;
				ASSETCATALOG_COMPILER_GLOBAL_ACCENT_COLOR_NAME = AccentColor;
				CODE_SIGN_STYLE = Automatic;
				CURRENT_PROJECT_VERSION = 1;
				DEVELOPMENT_TEAM = R9MZB3HY3K;
				GENERATE_INFOPLIST_FILE = YES;
				INFOPLIST_FILE = GrokkingAlgoritms/Info.plist;
				INFOPLIST_KEY_UIApplicationSupportsIndirectInputEvents = YES;
				INFOPLIST_KEY_UILaunchStoryboardName = LaunchScreen;
				INFOPLIST_KEY_UIMainStoryboardFile = Main;
				INFOPLIST_KEY_UISupportedInterfaceOrientations_iPad = "UIInterfaceOrientationPortrait UIInterfaceOrientationPortraitUpsideDown UIInterfaceOrientationLandscapeLeft UIInterfaceOrientationLandscapeRight";
				INFOPLIST_KEY_UISupportedInterfaceOrientations_iPhone = "UIInterfaceOrientationPortrait UIInterfaceOrientationLandscapeLeft UIInterfaceOrientationLandscapeRight";
				INFOPLIST_KEY_UISupportsDocumentBrowser = YES;
				LD_RUNPATH_SEARCH_PATHS = (
					"$(inherited)",
					"@executable_path/Frameworks",
				);
				MARKETING_VERSION = 1.0;
				PRODUCT_BUNDLE_IDENTIFIER = com.HelgaPsycho.GrokkingAlgoritms;
				PRODUCT_NAME = "$(TARGET_NAME)";
				SWIFT_EMIT_LOC_STRINGS = YES;
				SWIFT_VERSION = 5.0;
				TARGETED_DEVICE_FAMILY = "1,2";
			};
			name = Debug;
		};
		9C8141802927C61900B20275 /* Release */ = {
			isa = XCBuildConfiguration;
			buildSettings = {
				ASSETCATALOG_COMPILER_APPICON_NAME = AppIcon;
				ASSETCATALOG_COMPILER_GLOBAL_ACCENT_COLOR_NAME = AccentColor;
				CODE_SIGN_STYLE = Automatic;
				CURRENT_PROJECT_VERSION = 1;
				DEVELOPMENT_TEAM = R9MZB3HY3K;
				GENERATE_INFOPLIST_FILE = YES;
				INFOPLIST_FILE = GrokkingAlgoritms/Info.plist;
				INFOPLIST_KEY_UIApplicationSupportsIndirectInputEvents = YES;
				INFOPLIST_KEY_UILaunchStoryboardName = LaunchScreen;
				INFOPLIST_KEY_UIMainStoryboardFile = Main;
				INFOPLIST_KEY_UISupportedInterfaceOrientations_iPad = "UIInterfaceOrientationPortrait UIInterfaceOrientationPortraitUpsideDown UIInterfaceOrientationLandscapeLeft UIInterfaceOrientationLandscapeRight";
				INFOPLIST_KEY_UISupportedInterfaceOrientations_iPhone = "UIInterfaceOrientationPortrait UIInterfaceOrientationLandscapeLeft UIInterfaceOrientationLandscapeRight";
				INFOPLIST_KEY_UISupportsDocumentBrowser = YES;
				LD_RUNPATH_SEARCH_PATHS = (
					"$(inherited)",
					"@executable_path/Frameworks",
				);
				MARKETING_VERSION = 1.0;
				PRODUCT_BUNDLE_IDENTIFIER = com.HelgaPsycho.GrokkingAlgoritms;
				PRODUCT_NAME = "$(TARGET_NAME)";
				SWIFT_EMIT_LOC_STRINGS = YES;
				SWIFT_VERSION = 5.0;
				TARGETED_DEVICE_FAMILY = "1,2";
			};
			name = Release;
		};
/* End XCBuildConfiguration section */

/* Begin XCConfigurationList section */
		9C8141632927C61800B20275 /* Build configuration list for PBXProject "GrokkingAlgoritms" */ = {
			isa = XCConfigurationList;
			buildConfigurations = (
				9C81417C2927C61900B20275 /* Debug */,
				9C81417D2927C61900B20275 /* Release */,
			);
			defaultConfigurationIsVisible = 0;
			defaultConfigurationName = Release;
		};
		9C81417E2927C61900B20275 /* Build configuration list for PBXNativeTarget "GrokkingAlgoritms" */ = {
			isa = XCConfigurationList;
			buildConfigurations = (
				9C81417F2927C61900B20275 /* Debug */,
				9C8141802927C61900B20275 /* Release */,
			);
			defaultConfigurationIsVisible = 0;
			defaultConfigurationName = Release;
		};
/* End XCConfigurationList section */
	};
	rootObject = 9C8141602927C61800B20275 /* Project object */;
}
